
Microsoft Visual Studio Solution File, Format Version 11.00
# Visual Studio 2010
Project("{FAE04EC0-301F-11D3-BF4B-00C04F79EFBC}") = "TechnetKeyReaderWpf", "TechnetKeyReaderWpf\TechnetKeyReaderWpf.csproj", "{736CF12E-283E-415F-AE54-FEBA73100802}"
EndProject
Global
	GlobalSection(SolutionConfigurationPlatforms) = preSolution
		Debug|x86 = Debug|x86
		Release|x86 = Release|x86
	EndGlobalSection
	GlobalSection(ProjectConfigurationPlatforms) = postSolution
		{736CF12E-283E-415F-AE54-FEBA73100802}.Debug|x86.ActiveCfg = Debug|x86
		{736CF12E-283E-415F-AE54-FEBA73100802}.Debug|x86.Build.0 = Debug|x86
		{736CF12E-283E-415F-AE54-FEBA73100802}.Release|x86.ActiveCfg = Release|x86
		{736CF12E-283E-415F-AE54-FEBA73100802}.Release|x86.Build.0 = Release|x86
	EndGlobalSection
	GlobalSection(SolutionProperties) = preSolution
		HideSolutionNode = FALSE
	EndGlobalSection
EndGlobal
